
Microsoft Visual Studio Solution File, Format Version 12.00
# Visual Studio Version 17
VisualStudioVersion = 17.7.34031.279
MinimumVisualStudioVersion = 10.0.40219.1
Project("{FAE04EC0-301F-11D3-BF4B-00C04F79EFBC}") = "ForecastHub", "ForecastHub\ForecastHub.csproj", "{BDD6C533-C038-47D4-99FB-1CE6DC74EC88}"
EndProject
Global
	GlobalSection(SolutionConfigurationPlatforms) = preSolution
		Debug|Any CPU = Debug|Any CPU
		Release|Any CPU = Release|Any CPU
	EndGlobalSection
	GlobalSection(ProjectConfigurationPlatforms) = postSolution
		{BDD6C533-C038-47D4-99FB-1CE6DC74EC88}.Debug|Any CPU.ActiveCfg = Debug|Any CPU
		{BDD6C533-C038-47D4-99FB-1CE6DC74EC88}.Debug|Any CPU.Build.0 = Debug|Any CPU
		{BDD6C533-C038-47D4-99FB-1CE6DC74EC88}.Release|Any CPU.ActiveCfg = Release|Any CPU
		{BDD6C533-C038-47D4-99FB-1CE6DC74EC88}.Release|Any CPU.Build.0 = Release|Any CPU
	EndGlobalSection
	GlobalSection(SolutionProperties) = preSolution
		HideSolutionNode = FALSE
	EndGlobalSection
	GlobalSection(ExtensibilityGlobals) = postSolution
		SolutionGuid = {B784BE3F-23E0-4AE7-89AB-7E8C49975E5D}
	EndGlobalSection
EndGlobal
